
Microsoft Visual Studio Solution File, Format Version 12.00
# Visual Studio Version 17
VisualStudioVersion = 17.14.36518.9 d17.14
MinimumVisualStudioVersion = 10.0.40219.1
Project("{FAE04EC0-301F-11D3-BF4B-00C04F79EFBC}") = "praktik 6.1 for", "praktik 6.1 for\praktik 6.1 for.csproj", "{277061E9-C696-4641-9F61-CCE006732052}"
EndProject
Global
	GlobalSection(SolutionConfigurationPlatforms) = preSolution
		Debug|Any CPU = Debug|Any CPU
		Release|Any CPU = Release|Any CPU
	EndGlobalSection
	GlobalSection(ProjectConfigurationPlatforms) = postSolution
		{277061E9-C696-4641-9F61-CCE006732052}.Debug|Any CPU.ActiveCfg = Debug|Any CPU
		{277061E9-C696-4641-9F61-CCE006732052}.Debug|Any CPU.Build.0 = Debug|Any CPU
		{277061E9-C696-4641-9F61-CCE006732052}.Release|Any CPU.ActiveCfg = Release|Any CPU
		{277061E9-C696-4641-9F61-CCE006732052}.Release|Any CPU.Build.0 = Release|Any CPU
	EndGlobalSection
	GlobalSection(SolutionProperties) = preSolution
		HideSolutionNode = FALSE
	EndGlobalSection
	GlobalSection(ExtensibilityGlobals) = postSolution
		SolutionGuid = {0953F4A0-DD17-45C8-8348-718340A13978}
	EndGlobalSection
EndGlobal
