
Microsoft Visual Studio Solution File, Format Version 12.00
# Visual Studio Version 17
VisualStudioVersion = 17.14.36518.9 d17.14
MinimumVisualStudioVersion = 10.0.40219.1
Project("{FAE04EC0-301F-11D3-BF4B-00C04F79EFBC}") = "tugas 1 kharin", "tugas 1 kharin\tugas 1 kharin.csproj", "{D6F13C95-AC48-4DB2-9B89-E76F8BA64052}"
EndProject
Global
	GlobalSection(SolutionConfigurationPlatforms) = preSolution
		Debug|Any CPU = Debug|Any CPU
		Release|Any CPU = Release|Any CPU
	EndGlobalSection
	GlobalSection(ProjectConfigurationPlatforms) = postSolution
		{D6F13C95-AC48-4DB2-9B89-E76F8BA64052}.Debug|Any CPU.ActiveCfg = Debug|Any CPU
		{D6F13C95-AC48-4DB2-9B89-E76F8BA64052}.Debug|Any CPU.Build.0 = Debug|Any CPU
		{D6F13C95-AC48-4DB2-9B89-E76F8BA64052}.Release|Any CPU.ActiveCfg = Release|Any CPU
		{D6F13C95-AC48-4DB2-9B89-E76F8BA64052}.Release|Any CPU.Build.0 = Release|Any CPU
	EndGlobalSection
	GlobalSection(SolutionProperties) = preSolution
		HideSolutionNode = FALSE
	EndGlobalSection
	GlobalSection(ExtensibilityGlobals) = postSolution
		SolutionGuid = {8AEF2303-8D77-4D7C-A9BE-2608263FBBFA}
	EndGlobalSection
EndGlobal
