
Microsoft Visual Studio Solution File, Format Version 12.00
# Visual Studio Version 17
VisualStudioVersion = 17.14.36518.9 d17.14
MinimumVisualStudioVersion = 10.0.40219.1
Project("{FAE04EC0-301F-11D3-BF4B-00C04F79EFBC}") = "praktik 6.2 for", "praktik 6.2 for\praktik 6.2 for.csproj", "{05684A08-1941-4EB9-8E6A-7D8525B9E6AD}"
EndProject
Global
	GlobalSection(SolutionConfigurationPlatforms) = preSolution
		Debug|Any CPU = Debug|Any CPU
		Release|Any CPU = Release|Any CPU
	EndGlobalSection
	GlobalSection(ProjectConfigurationPlatforms) = postSolution
		{05684A08-1941-4EB9-8E6A-7D8525B9E6AD}.Debug|Any CPU.ActiveCfg = Debug|Any CPU
		{05684A08-1941-4EB9-8E6A-7D8525B9E6AD}.Debug|Any CPU.Build.0 = Debug|Any CPU
		{05684A08-1941-4EB9-8E6A-7D8525B9E6AD}.Release|Any CPU.ActiveCfg = Release|Any CPU
		{05684A08-1941-4EB9-8E6A-7D8525B9E6AD}.Release|Any CPU.Build.0 = Release|Any CPU
	EndGlobalSection
	GlobalSection(SolutionProperties) = preSolution
		HideSolutionNode = FALSE
	EndGlobalSection
	GlobalSection(ExtensibilityGlobals) = postSolution
		SolutionGuid = {97C26235-A392-4EAA-9252-434DD8187437}
	EndGlobalSection
EndGlobal
