
Microsoft Visual Studio Solution File, Format Version 12.00
# Visual Studio Version 17
VisualStudioVersion = 17.14.36518.9 d17.14
MinimumVisualStudioVersion = 10.0.40219.1
Project("{FAE04EC0-301F-11D3-BF4B-00C04F79EFBC}") = "6.8", "6.8\6.8.csproj", "{A859A9CC-9075-4B09-AF59-772DD28293B6}"
EndProject
Global
	GlobalSection(SolutionConfigurationPlatforms) = preSolution
		Debug|Any CPU = Debug|Any CPU
		Release|Any CPU = Release|Any CPU
	EndGlobalSection
	GlobalSection(ProjectConfigurationPlatforms) = postSolution
		{A859A9CC-9075-4B09-AF59-772DD28293B6}.Debug|Any CPU.ActiveCfg = Debug|Any CPU
		{A859A9CC-9075-4B09-AF59-772DD28293B6}.Debug|Any CPU.Build.0 = Debug|Any CPU
		{A859A9CC-9075-4B09-AF59-772DD28293B6}.Release|Any CPU.ActiveCfg = Release|Any CPU
		{A859A9CC-9075-4B09-AF59-772DD28293B6}.Release|Any CPU.Build.0 = Release|Any CPU
	EndGlobalSection
	GlobalSection(SolutionProperties) = preSolution
		HideSolutionNode = FALSE
	EndGlobalSection
	GlobalSection(ExtensibilityGlobals) = postSolution
		SolutionGuid = {0A5D59D3-718B-4E47-855B-87D5A4A8086A}
	EndGlobalSection
EndGlobal
