
Microsoft Visual Studio Solution File, Format Version 12.00
# Visual Studio Version 17
VisualStudioVersion = 17.14.36518.9 d17.14
MinimumVisualStudioVersion = 10.0.40219.1
Project("{FAE04EC0-301F-11D3-BF4B-00C04F79EFBC}") = "praktik 7.3", "praktik 7.3\praktik 7.3.csproj", "{2D3C4214-6DBD-468B-A27F-FE0C6C386B2E}"
EndProject
Global
	GlobalSection(SolutionConfigurationPlatforms) = preSolution
		Debug|Any CPU = Debug|Any CPU
		Release|Any CPU = Release|Any CPU
	EndGlobalSection
	GlobalSection(ProjectConfigurationPlatforms) = postSolution
		{2D3C4214-6DBD-468B-A27F-FE0C6C386B2E}.Debug|Any CPU.ActiveCfg = Debug|Any CPU
		{2D3C4214-6DBD-468B-A27F-FE0C6C386B2E}.Debug|Any CPU.Build.0 = Debug|Any CPU
		{2D3C4214-6DBD-468B-A27F-FE0C6C386B2E}.Release|Any CPU.ActiveCfg = Release|Any CPU
		{2D3C4214-6DBD-468B-A27F-FE0C6C386B2E}.Release|Any CPU.Build.0 = Release|Any CPU
	EndGlobalSection
	GlobalSection(SolutionProperties) = preSolution
		HideSolutionNode = FALSE
	EndGlobalSection
	GlobalSection(ExtensibilityGlobals) = postSolution
		SolutionGuid = {13E27F34-DCB0-471D-9F61-6433D05C1C2C}
	EndGlobalSection
EndGlobal
