
Microsoft Visual Studio Solution File, Format Version 12.00
# Visual Studio Version 17
VisualStudioVersion = 17.14.36518.9 d17.14
MinimumVisualStudioVersion = 10.0.40219.1
Project("{FAE04EC0-301F-11D3-BF4B-00C04F79EFBC}") = "tugas fungsi ratarata", "tugas fungsi ratarata\tugas fungsi ratarata.csproj", "{335DF29D-A36D-4EF7-B974-31605C4F7035}"
EndProject
Global
	GlobalSection(SolutionConfigurationPlatforms) = preSolution
		Debug|Any CPU = Debug|Any CPU
		Release|Any CPU = Release|Any CPU
	EndGlobalSection
	GlobalSection(ProjectConfigurationPlatforms) = postSolution
		{335DF29D-A36D-4EF7-B974-31605C4F7035}.Debug|Any CPU.ActiveCfg = Debug|Any CPU
		{335DF29D-A36D-4EF7-B974-31605C4F7035}.Debug|Any CPU.Build.0 = Debug|Any CPU
		{335DF29D-A36D-4EF7-B974-31605C4F7035}.Release|Any CPU.ActiveCfg = Release|Any CPU
		{335DF29D-A36D-4EF7-B974-31605C4F7035}.Release|Any CPU.Build.0 = Release|Any CPU
	EndGlobalSection
	GlobalSection(SolutionProperties) = preSolution
		HideSolutionNode = FALSE
	EndGlobalSection
	GlobalSection(ExtensibilityGlobals) = postSolution
		SolutionGuid = {50501D9E-001E-4676-ADDB-055ECECD5071}
	EndGlobalSection
EndGlobal
