
Microsoft Visual Studio Solution File, Format Version 12.00
# Visual Studio Version 17
VisualStudioVersion = 17.14.36518.9 d17.14
MinimumVisualStudioVersion = 10.0.40219.1
Project("{FAE04EC0-301F-11D3-BF4B-00C04F79EFBC}") = "kalkulatorr", "kalkulatorr\kalkulatorr.csproj", "{CDB10E96-97C1-448C-B056-E4F03FCE1EB5}"
EndProject
Global
	GlobalSection(SolutionConfigurationPlatforms) = preSolution
		Debug|Any CPU = Debug|Any CPU
		Release|Any CPU = Release|Any CPU
	EndGlobalSection
	GlobalSection(ProjectConfigurationPlatforms) = postSolution
		{CDB10E96-97C1-448C-B056-E4F03FCE1EB5}.Debug|Any CPU.ActiveCfg = Debug|Any CPU
		{CDB10E96-97C1-448C-B056-E4F03FCE1EB5}.Debug|Any CPU.Build.0 = Debug|Any CPU
		{CDB10E96-97C1-448C-B056-E4F03FCE1EB5}.Release|Any CPU.ActiveCfg = Release|Any CPU
		{CDB10E96-97C1-448C-B056-E4F03FCE1EB5}.Release|Any CPU.Build.0 = Release|Any CPU
	EndGlobalSection
	GlobalSection(SolutionProperties) = preSolution
		HideSolutionNode = FALSE
	EndGlobalSection
	GlobalSection(ExtensibilityGlobals) = postSolution
		SolutionGuid = {96C87EB6-60FE-4D0A-84FF-899C257905D9}
	EndGlobalSection
EndGlobal
