
Microsoft Visual Studio Solution File, Format Version 12.00
# Visual Studio Version 17
VisualStudioVersion = 17.14.36518.9 d17.14
MinimumVisualStudioVersion = 10.0.40219.1
Project("{FAE04EC0-301F-11D3-BF4B-00C04F79EFBC}") = "tugas fungsi konversi suhu", "tugas fungsi konversi suhu\tugas fungsi konversi suhu.csproj", "{EEAF8931-BBE0-415A-A357-DF051C9EC0BC}"
EndProject
Global
	GlobalSection(SolutionConfigurationPlatforms) = preSolution
		Debug|Any CPU = Debug|Any CPU
		Release|Any CPU = Release|Any CPU
	EndGlobalSection
	GlobalSection(ProjectConfigurationPlatforms) = postSolution
		{EEAF8931-BBE0-415A-A357-DF051C9EC0BC}.Debug|Any CPU.ActiveCfg = Debug|Any CPU
		{EEAF8931-BBE0-415A-A357-DF051C9EC0BC}.Debug|Any CPU.Build.0 = Debug|Any CPU
		{EEAF8931-BBE0-415A-A357-DF051C9EC0BC}.Release|Any CPU.ActiveCfg = Release|Any CPU
		{EEAF8931-BBE0-415A-A357-DF051C9EC0BC}.Release|Any CPU.Build.0 = Release|Any CPU
	EndGlobalSection
	GlobalSection(SolutionProperties) = preSolution
		HideSolutionNode = FALSE
	EndGlobalSection
	GlobalSection(ExtensibilityGlobals) = postSolution
		SolutionGuid = {09E162CA-5CD6-4AF3-8932-31797B2591AE}
	EndGlobalSection
EndGlobal
